{
  "name": "hello-again-world",
  "version": "1.0.0",
  "lockfileVersion": 2,
  "requires": true,
  "packages": {
    "": {
      "version": "1.0.0",
      "license": "ISC",
      "dependencies": {
        "eventemitter2": "^6.4.3"
      }
    },
    "node_modules/eventemitter2": {
      "version": "6.4.3",
      "resolved": "https://registry.npmjs.org/eventemitter2/-/eventemitter2-6.4.3.tgz",
      "integrity": "sha512-t0A2msp6BzOf+QAcI6z9XMktLj52OjGQg+8SJH6v5+3uxNpWYRR3wQmfA+6xtMU9kOC59qk9licus5dYcrYkMQ=="
    }
  },
  "dependencies": {
    "eventemitter2": {
      "version": "6.4.3",
      "resolved": "https://registry.npmjs.org/eventemitter2/-/eventemitter2-6.4.3.tgz",
      "integrity": "sha512-t0A2msp6BzOf+QAcI6z9XMktLj52OjGQg+8SJH6v5+3uxNpWYRR3wQmfA+6xtMU9kOC59qk9licus5dYcrYkMQ=="
    }
  }
}
